
Microsoft Visual Studio Solution File, Format Version 12.00
# Visual Studio Version 17
VisualStudioVersion = 17.5.33627.172
MinimumVisualStudioVersion = 10.0.40219.1
Project("{9A19103F-16F7-4668-BE54-9A1E7A4F7556}") = "Tempore.Server", "Tempore.Server\Tempore.Server.csproj", "{0A0A0675-BAA9-4E0E-AE56-0429E5D34F1C}"
EndProject
Project("{9A19103F-16F7-4668-BE54-9A1E7A4F7556}") = "Tempore.Agent", "Tempore.Agent\Tempore.Agent.csproj", "{CC9888B0-106F-4529-9921-C8C835AFD5D1}"
EndProject
Project("{9A19103F-16F7-4668-BE54-9A1E7A4F7556}") = "Tempore.Configuration", "Tempore.Configuration\Tempore.Configuration.csproj", "{C0ACA5A9-CC5F-4E8F-BD33-55667ED8BB26}"
EndProject
Project("{9A19103F-16F7-4668-BE54-9A1E7A4F7556}") = "Tempore.Storage", "Tempore.Storage\Tempore.Storage.csproj", "{E8565BD6-00F2-4A1D-829D-02E29BCFC316}"
EndProject
Project("{9A19103F-16F7-4668-BE54-9A1E7A4F7556}") = "Tempore.Logging", "Tempore.Logging\Tempore.Logging.csproj", "{0C0A3889-9579-4BCA-8A1C-F63BD9A0C848}"
EndProject
Project("{2150E333-8FDC-42A3-9474-1A3956D46DE8}") = "src", "src", "{90C5141B-B5D1-4A75-928C-CC4260C06B20}"
EndProject
Project("{9A19103F-16F7-4668-BE54-9A1E7A4F7556}") = "Tempore.Storage.PostgreSQL", "Tempore.Storage.PostgreSQL\Tempore.Storage.PostgreSQL.csproj", "{5C7E2F8A-22B9-42D0-91FC-416F067B59B7}"
EndProject
Project("{9A19103F-16F7-4668-BE54-9A1E7A4F7556}") = "Tempore.Hosting", "Tempore.Hosting\Tempore.Hosting.csproj", "{39E5C413-F4BE-4A32-9418-9E0B9BF9449C}"
EndProject
Project("{9A19103F-16F7-4668-BE54-9A1E7A4F7556}") = "Tempore.Client", "Tempore.Client\Tempore.Client.csproj", "{ABE26EBB-2A2F-4587-9ED2-76B2666CA845}"
EndProject
Project("{9A19103F-16F7-4668-BE54-9A1E7A4F7556}") = "Tempore.App", "Tempore.App\Tempore.App.csproj", "{58FB376F-CE15-4EEB-985E-A414C16BE636}"
EndProject
Project("{2150E333-8FDC-42A3-9474-1A3956D46DE8}") = "client", "client", "{9F4D35F5-8E0E-4156-92C3-DE3C9335499B}"
EndProject
Project("{2150E333-8FDC-42A3-9474-1A3956D46DE8}") = "server", "server", "{B89CF013-C429-4A67-B72C-417EE52547A9}"
EndProject
Project("{2150E333-8FDC-42A3-9474-1A3956D46DE8}") = "agent", "agent", "{8BB6A492-44EF-4841-8932-84A4433E25D9}"
EndProject
Project("{2150E333-8FDC-42A3-9474-1A3956D46DE8}") = "infrastructure", "infrastructure", "{65EAE827-3CF9-4EAF-8B81-9CEF4B540010}"
EndProject
Project("{2150E333-8FDC-42A3-9474-1A3956D46DE8}") = "storage", "storage", "{CC3EB0C0-65BD-405D-8EF0-946557899B2D}"
EndProject
Project("{9A19103F-16F7-4668-BE54-9A1E7A4F7556}") = "Tempore.HealthChecks", "Tempore.HealthChecks\Tempore.HealthChecks.csproj", "{C5CC5B83-20F7-41A2-8D2C-7C5B46E0C269}"
EndProject
Project("{9A19103F-16F7-4668-BE54-9A1E7A4F7556}") = "Tempore.Keycloak", "Tempore.Keycloak\Tempore.Keycloak.csproj", "{3E59EA5D-7F53-423C-9D2C-CFE9BBA7C26F}"
EndProject
Project("{9A19103F-16F7-4668-BE54-9A1E7A4F7556}") = "Tempore.Authorization", "Tempore.Authorization\Tempore.Authorization.csproj", "{27A0829C-80B8-4066-A5C8-0D983F986981}"
EndProject
Project("{2150E333-8FDC-42A3-9474-1A3956D46DE8}") = "tests", "tests", "{BFCF544A-49A5-4494-9B89-74A41C6BEA48}"
EndProject
Project("{9A19103F-16F7-4668-BE54-9A1E7A4F7556}") = "Tempore.Tests", "Tempore.Tests\Tempore.Tests.csproj", "{81BFD87C-FE3E-43F0-AB34-DE5C32D13C7F}"
EndProject
Project("{9A19103F-16F7-4668-BE54-9A1E7A4F7556}") = "Tempore.Agent.Setup", "Tempore.Agent.Setup\Tempore.Agent.Setup.csproj", "{74172AE4-87C3-4CD5-A4BA-D308CAB0B4E0}"
EndProject
Project("{9A19103F-16F7-4668-BE54-9A1E7A4F7556}") = "Tempore.Validation", "Tempore.Validation\Tempore.Validation.csproj", "{AA9F8791-6C4E-4666-BD54-5F1E338622CE}"
EndProject
Project("{2150E333-8FDC-42A3-9474-1A3956D46DE8}") = "processing", "processing", "{CA1D390C-0294-4E87-95EA-506AC9BECC9B}"
EndProject
Project("{9A19103F-16F7-4668-BE54-9A1E7A4F7556}") = "Tempore.Processing", "Tempore.Processing\Tempore.Processing.csproj", "{4DED002E-2B9D-45E7-8D6A-673D5F26E2F5}"
EndProject
Project("{9A19103F-16F7-4668-BE54-9A1E7A4F7556}") = "Tempore.Processing.PayDay", "Tempore.Processing.PayDay\Tempore.Processing.PayDay.csproj", "{B54527C8-12E7-4C50-9587-CF0D065AAAE9}"
EndProject
Project("{2150E333-8FDC-42A3-9474-1A3956D46DE8}") = "deployment", "deployment", "{9230EE55-87E4-4409-90BB-5775260F2165}"
EndProject
Project("{2150E333-8FDC-42A3-9474-1A3956D46DE8}") = "tye", "tye", "{3626D53E-701F-4260-8DAB-116C08CBE3C2}"
	ProjectSection(SolutionItems) = preProject
		..\deployment\tye\backend-keycloak-postgres-server-agent.yaml = ..\deployment\tye\backend-keycloak-postgres-server-agent.yaml
		..\deployment\tye\backend-keycloak-postgres-server-nginx.yaml = ..\deployment\tye\backend-keycloak-postgres-server-nginx.yaml
		..\deployment\tye\backend-keycloak-postgres-server.yaml = ..\deployment\tye\backend-keycloak-postgres-server.yaml
		..\deployment\tye\backend-keycloak-postgres.yaml = ..\deployment\tye\backend-keycloak-postgres.yaml
		..\deployment\tye\backend-postgres.yaml = ..\deployment\tye\backend-postgres.yaml
	EndProjectSection
EndProject
Project("{9A19103F-16F7-4668-BE54-9A1E7A4F7556}") = "Tempore.Common", "Tempore.Common\Tempore.Common.csproj", "{68CC043C-F869-46A4-A2B6-AB898EEA3BFA}"
EndProject
Global
	GlobalSection(SolutionConfigurationPlatforms) = preSolution
		Debug|Any CPU = Debug|Any CPU
		Release|Any CPU = Release|Any CPU
	EndGlobalSection
	GlobalSection(ProjectConfigurationPlatforms) = postSolution
		{0A0A0675-BAA9-4E0E-AE56-0429E5D34F1C}.Debug|Any CPU.ActiveCfg = Debug|Any CPU
		{0A0A0675-BAA9-4E0E-AE56-0429E5D34F1C}.Debug|Any CPU.Build.0 = Debug|Any CPU
		{0A0A0675-BAA9-4E0E-AE56-0429E5D34F1C}.Release|Any CPU.ActiveCfg = Release|Any CPU
		{0A0A0675-BAA9-4E0E-AE56-0429E5D34F1C}.Release|Any CPU.Build.0 = Release|Any CPU
		{CC9888B0-106F-4529-9921-C8C835AFD5D1}.Debug|Any CPU.ActiveCfg = Debug|Any CPU
		{CC9888B0-106F-4529-9921-C8C835AFD5D1}.Debug|Any CPU.Build.0 = Debug|Any CPU
		{CC9888B0-106F-4529-9921-C8C835AFD5D1}.Release|Any CPU.ActiveCfg = Release|Any CPU
		{CC9888B0-106F-4529-9921-C8C835AFD5D1}.Release|Any CPU.Build.0 = Release|Any CPU
		{C0ACA5A9-CC5F-4E8F-BD33-55667ED8BB26}.Debug|Any CPU.ActiveCfg = Debug|Any CPU
		{C0ACA5A9-CC5F-4E8F-BD33-55667ED8BB26}.Debug|Any CPU.Build.0 = Debug|Any CPU
		{C0ACA5A9-CC5F-4E8F-BD33-55667ED8BB26}.Release|Any CPU.ActiveCfg = Release|Any CPU
		{C0ACA5A9-CC5F-4E8F-BD33-55667ED8BB26}.Release|Any CPU.Build.0 = Release|Any CPU
		{E8565BD6-00F2-4A1D-829D-02E29BCFC316}.Debug|Any CPU.ActiveCfg = Debug|Any CPU
		{E8565BD6-00F2-4A1D-829D-02E29BCFC316}.Debug|Any CPU.Build.0 = Debug|Any CPU
		{E8565BD6-00F2-4A1D-829D-02E29BCFC316}.Release|Any CPU.ActiveCfg = Release|Any CPU
		{E8565BD6-00F2-4A1D-829D-02E29BCFC316}.Release|Any CPU.Build.0 = Release|Any CPU
		{0C0A3889-9579-4BCA-8A1C-F63BD9A0C848}.Debug|Any CPU.ActiveCfg = Debug|Any CPU
		{0C0A3889-9579-4BCA-8A1C-F63BD9A0C848}.Debug|Any CPU.Build.0 = Debug|Any CPU
		{0C0A3889-9579-4BCA-8A1C-F63BD9A0C848}.Release|Any CPU.ActiveCfg = Release|Any CPU
		{0C0A3889-9579-4BCA-8A1C-F63BD9A0C848}.Release|Any CPU.Build.0 = Release|Any CPU
		{5C7E2F8A-22B9-42D0-91FC-416F067B59B7}.Debug|Any CPU.ActiveCfg = Debug|Any CPU
		{5C7E2F8A-22B9-42D0-91FC-416F067B59B7}.Debug|Any CPU.Build.0 = Debug|Any CPU
		{5C7E2F8A-22B9-42D0-91FC-416F067B59B7}.Release|Any CPU.ActiveCfg = Release|Any CPU
		{5C7E2F8A-22B9-42D0-91FC-416F067B59B7}.Release|Any CPU.Build.0 = Release|Any CPU
		{39E5C413-F4BE-4A32-9418-9E0B9BF9449C}.Debug|Any CPU.ActiveCfg = Debug|Any CPU
		{39E5C413-F4BE-4A32-9418-9E0B9BF9449C}.Debug|Any CPU.Build.0 = Debug|Any CPU
		{39E5C413-F4BE-4A32-9418-9E0B9BF9449C}.Release|Any CPU.ActiveCfg = Release|Any CPU
		{39E5C413-F4BE-4A32-9418-9E0B9BF9449C}.Release|Any CPU.Build.0 = Release|Any CPU
		{ABE26EBB-2A2F-4587-9ED2-76B2666CA845}.Debug|Any CPU.ActiveCfg = Debug|Any CPU
		{ABE26EBB-2A2F-4587-9ED2-76B2666CA845}.Debug|Any CPU.Build.0 = Debug|Any CPU
		{ABE26EBB-2A2F-4587-9ED2-76B2666CA845}.Release|Any CPU.ActiveCfg = Release|Any CPU
		{ABE26EBB-2A2F-4587-9ED2-76B2666CA845}.Release|Any CPU.Build.0 = Release|Any CPU
		{58FB376F-CE15-4EEB-985E-A414C16BE636}.Debug|Any CPU.ActiveCfg = Debug|Any CPU
		{58FB376F-CE15-4EEB-985E-A414C16BE636}.Debug|Any CPU.Build.0 = Debug|Any CPU
		{58FB376F-CE15-4EEB-985E-A414C16BE636}.Release|Any CPU.ActiveCfg = Release|Any CPU
		{58FB376F-CE15-4EEB-985E-A414C16BE636}.Release|Any CPU.Build.0 = Release|Any CPU
		{C5CC5B83-20F7-41A2-8D2C-7C5B46E0C269}.Debug|Any CPU.ActiveCfg = Debug|Any CPU
		{C5CC5B83-20F7-41A2-8D2C-7C5B46E0C269}.Debug|Any CPU.Build.0 = Debug|Any CPU
		{C5CC5B83-20F7-41A2-8D2C-7C5B46E0C269}.Release|Any CPU.ActiveCfg = Release|Any CPU
		{C5CC5B83-20F7-41A2-8D2C-7C5B46E0C269}.Release|Any CPU.Build.0 = Release|Any CPU
		{3E59EA5D-7F53-423C-9D2C-CFE9BBA7C26F}.Debug|Any CPU.ActiveCfg = Debug|Any CPU
		{3E59EA5D-7F53-423C-9D2C-CFE9BBA7C26F}.Debug|Any CPU.Build.0 = Debug|Any CPU
		{3E59EA5D-7F53-423C-9D2C-CFE9BBA7C26F}.Release|Any CPU.ActiveCfg = Release|Any CPU
		{3E59EA5D-7F53-423C-9D2C-CFE9BBA7C26F}.Release|Any CPU.Build.0 = Release|Any CPU
		{27A0829C-80B8-4066-A5C8-0D983F986981}.Debug|Any CPU.ActiveCfg = Debug|Any CPU
		{27A0829C-80B8-4066-A5C8-0D983F986981}.Debug|Any CPU.Build.0 = Debug|Any CPU
		{27A0829C-80B8-4066-A5C8-0D983F986981}.Release|Any CPU.ActiveCfg = Release|Any CPU
		{27A0829C-80B8-4066-A5C8-0D983F986981}.Release|Any CPU.Build.0 = Release|Any CPU
		{81BFD87C-FE3E-43F0-AB34-DE5C32D13C7F}.Debug|Any CPU.ActiveCfg = Debug|Any CPU
		{81BFD87C-FE3E-43F0-AB34-DE5C32D13C7F}.Debug|Any CPU.Build.0 = Debug|Any CPU
		{81BFD87C-FE3E-43F0-AB34-DE5C32D13C7F}.Release|Any CPU.ActiveCfg = Release|Any CPU
		{81BFD87C-FE3E-43F0-AB34-DE5C32D13C7F}.Release|Any CPU.Build.0 = Release|Any CPU
		{74172AE4-87C3-4CD5-A4BA-D308CAB0B4E0}.Debug|Any CPU.ActiveCfg = Debug|Any CPU
		{74172AE4-87C3-4CD5-A4BA-D308CAB0B4E0}.Debug|Any CPU.Build.0 = Debug|Any CPU
		{74172AE4-87C3-4CD5-A4BA-D308CAB0B4E0}.Release|Any CPU.ActiveCfg = Release|Any CPU
		{74172AE4-87C3-4CD5-A4BA-D308CAB0B4E0}.Release|Any CPU.Build.0 = Release|Any CPU
		{AA9F8791-6C4E-4666-BD54-5F1E338622CE}.Debug|Any CPU.ActiveCfg = Debug|Any CPU
		{AA9F8791-6C4E-4666-BD54-5F1E338622CE}.Debug|Any CPU.Build.0 = Debug|Any CPU
		{AA9F8791-6C4E-4666-BD54-5F1E338622CE}.Release|Any CPU.ActiveCfg = Release|Any CPU
		{AA9F8791-6C4E-4666-BD54-5F1E338622CE}.Release|Any CPU.Build.0 = Release|Any CPU
		{4DED002E-2B9D-45E7-8D6A-673D5F26E2F5}.Debug|Any CPU.ActiveCfg = Debug|Any CPU
		{4DED002E-2B9D-45E7-8D6A-673D5F26E2F5}.Debug|Any CPU.Build.0 = Debug|Any CPU
		{4DED002E-2B9D-45E7-8D6A-673D5F26E2F5}.Release|Any CPU.ActiveCfg = Release|Any CPU
		{4DED002E-2B9D-45E7-8D6A-673D5F26E2F5}.Release|Any CPU.Build.0 = Release|Any CPU
		{B54527C8-12E7-4C50-9587-CF0D065AAAE9}.Debug|Any CPU.ActiveCfg = Debug|Any CPU
		{B54527C8-12E7-4C50-9587-CF0D065AAAE9}.Debug|Any CPU.Build.0 = Debug|Any CPU
		{B54527C8-12E7-4C50-9587-CF0D065AAAE9}.Release|Any CPU.ActiveCfg = Release|Any CPU
		{B54527C8-12E7-4C50-9587-CF0D065AAAE9}.Release|Any CPU.Build.0 = Release|Any CPU
		{68CC043C-F869-46A4-A2B6-AB898EEA3BFA}.Debug|Any CPU.ActiveCfg = Debug|Any CPU
		{68CC043C-F869-46A4-A2B6-AB898EEA3BFA}.Debug|Any CPU.Build.0 = Debug|Any CPU
		{68CC043C-F869-46A4-A2B6-AB898EEA3BFA}.Release|Any CPU.ActiveCfg = Release|Any CPU
		{68CC043C-F869-46A4-A2B6-AB898EEA3BFA}.Release|Any CPU.Build.0 = Release|Any CPU
	EndGlobalSection
	GlobalSection(SolutionProperties) = preSolution
		HideSolutionNode = FALSE
	EndGlobalSection
	GlobalSection(NestedProjects) = preSolution
		{0A0A0675-BAA9-4E0E-AE56-0429E5D34F1C} = {B89CF013-C429-4A67-B72C-417EE52547A9}
		{CC9888B0-106F-4529-9921-C8C835AFD5D1} = {8BB6A492-44EF-4841-8932-84A4433E25D9}
		{C0ACA5A9-CC5F-4E8F-BD33-55667ED8BB26} = {65EAE827-3CF9-4EAF-8B81-9CEF4B540010}
		{E8565BD6-00F2-4A1D-829D-02E29BCFC316} = {CC3EB0C0-65BD-405D-8EF0-946557899B2D}
		{0C0A3889-9579-4BCA-8A1C-F63BD9A0C848} = {65EAE827-3CF9-4EAF-8B81-9CEF4B540010}
		{5C7E2F8A-22B9-42D0-91FC-416F067B59B7} = {CC3EB0C0-65BD-405D-8EF0-946557899B2D}
		{39E5C413-F4BE-4A32-9418-9E0B9BF9449C} = {65EAE827-3CF9-4EAF-8B81-9CEF4B540010}
		{ABE26EBB-2A2F-4587-9ED2-76B2666CA845} = {9F4D35F5-8E0E-4156-92C3-DE3C9335499B}
		{58FB376F-CE15-4EEB-985E-A414C16BE636} = {9F4D35F5-8E0E-4156-92C3-DE3C9335499B}
		{9F4D35F5-8E0E-4156-92C3-DE3C9335499B} = {90C5141B-B5D1-4A75-928C-CC4260C06B20}
		{B89CF013-C429-4A67-B72C-417EE52547A9} = {90C5141B-B5D1-4A75-928C-CC4260C06B20}
		{8BB6A492-44EF-4841-8932-84A4433E25D9} = {90C5141B-B5D1-4A75-928C-CC4260C06B20}
		{65EAE827-3CF9-4EAF-8B81-9CEF4B540010} = {90C5141B-B5D1-4A75-928C-CC4260C06B20}
		{CC3EB0C0-65BD-405D-8EF0-946557899B2D} = {90C5141B-B5D1-4A75-928C-CC4260C06B20}
		{C5CC5B83-20F7-41A2-8D2C-7C5B46E0C269} = {65EAE827-3CF9-4EAF-8B81-9CEF4B540010}
		{3E59EA5D-7F53-423C-9D2C-CFE9BBA7C26F} = {65EAE827-3CF9-4EAF-8B81-9CEF4B540010}
		{27A0829C-80B8-4066-A5C8-0D983F986981} = {65EAE827-3CF9-4EAF-8B81-9CEF4B540010}
		{81BFD87C-FE3E-43F0-AB34-DE5C32D13C7F} = {BFCF544A-49A5-4494-9B89-74A41C6BEA48}
		{74172AE4-87C3-4CD5-A4BA-D308CAB0B4E0} = {8BB6A492-44EF-4841-8932-84A4433E25D9}
		{AA9F8791-6C4E-4666-BD54-5F1E338622CE} = {65EAE827-3CF9-4EAF-8B81-9CEF4B540010}
		{CA1D390C-0294-4E87-95EA-506AC9BECC9B} = {90C5141B-B5D1-4A75-928C-CC4260C06B20}
		{4DED002E-2B9D-45E7-8D6A-673D5F26E2F5} = {CA1D390C-0294-4E87-95EA-506AC9BECC9B}
		{B54527C8-12E7-4C50-9587-CF0D065AAAE9} = {CA1D390C-0294-4E87-95EA-506AC9BECC9B}
		{3626D53E-701F-4260-8DAB-116C08CBE3C2} = {9230EE55-87E4-4409-90BB-5775260F2165}
		{68CC043C-F869-46A4-A2B6-AB898EEA3BFA} = {65EAE827-3CF9-4EAF-8B81-9CEF4B540010}
	EndGlobalSection
	GlobalSection(ExtensibilityGlobals) = postSolution
		SolutionGuid = {5C8D609B-BAFD-4790-ABDB-999ED78A3E17}
	EndGlobalSection
EndGlobal
